{
    "_meta": {
        "hash": {
            "sha256": "ee1e718f077008a736f7dd53c2d14fa36c4aaa3b86b7ad0df787d5d44d42dc7f"
        },
        "pipfile-spec": 6,
        "requires": {
            "python_full_version": "3.10.8",
            "python_version": "3.10"
        },
        "sources": [
            {
                "name": "pypi",
                "url": "https://pypi.org/simple",
                "verify_ssl": true
            }
        ]
    },
    "default": {
        "wget": {
            "hashes": [
                "sha256:35e630eca2aa50ce998b9b1a127bb26b30dfee573702782aa982f875e3f16061"
            ],
            "index": "pypi",
            "version": "==3.2"
        }
    },
    "develop": {}
}
